// !$*UTF8*$!
{
	archiveVersion = 1;
	classes = {
	};
	objectVersion = 46;
	objects = {

/* Begin PBXBuildFile section */
		27AC56FD196D062000656EF5 /* AppDelegate.swift in Sources */ = {isa = PBXBuildFile; fileRef = 27AC56FC196D062000656EF5 /* AppDelegate.swift */; };
		27AC56FF196D062000656EF5 /* ViewController.swift in Sources */ = {isa = PBXBuildFile; fileRef = 27AC56FE196D062000656EF5 /* ViewController.swift */; };
		27AC5702196D062000656EF5 /* Main.storyboard in Resources */ = {isa = PBXBuildFile; fileRef = 27AC5700196D062000656EF5 /* Main.storyboard */; };
		27AC5704196D062000656EF5 /* Images.xcassets in Resources */ = {isa = PBXBuildFile; fileRef = 27AC5703196D062000656EF5 /* Images.xcassets */; };
		27AC5710196D062000656EF5 /* Video_EditorTests.swift in Sources */ = {isa = PBXBuildFile; fileRef = 27AC570F196D062000656EF5 /* Video_EditorTests.swift */; };
/* End PBXBuildFile section */

/* Begin PBXContainerItemProxy section */
		27AC570A196D062000656EF5 /* PBXContainerItemProxy */ = {
			isa = PBXContainerItemProxy;
			containerPortal = 27AC56EF196D062000656EF5 /* Project object */;
			proxyType = 1;
			remoteGlobalIDString = 27AC56F6196D062000656EF5;
			remoteInfo = "Video Editor";
		};
/* End PBXContainerItemProxy section */

/* Begin PBXFileReference section */
		27AC56F7196D062000656EF5 /* Video Editor.app */ = {isa = PBXFileReference; explicitFileType = wrapper.application; includeInIndex = 0; path = "Video Editor.app"; sourceTree = BUILT_PRODUCTS_DIR; };
		27AC56FB196D062000656EF5 /* Info.plist */ = {isa = PBXFileReference; lastKnownFileType = text.plist.xml; path = Info.plist; sourceTree = "<group>"; };
		27AC56FC196D062000656EF5 /* AppDelegate.swift */ = {isa = PBXFileReference; lastKnownFileType = sourcecode.swift; path = AppDelegate.swift; sourceTree = "<group>"; };
		27AC56FE196D062000656EF5 /* ViewController.swift */ = {isa = PBXFileReference; lastKnownFileType = sourcecode.swift; path = ViewController.swift; sourceTree = "<group>"; };
		27AC5701196D062000656EF5 /* Base */ = {isa = PBXFileReference; lastKnownFileType = file.storyboard; name = Base; path = Base.lproj/Main.storyboard; sourceTree = "<group>"; };
		27AC5703196D062000656EF5 /* Images.xcassets */ = {isa = PBXFileReference; lastKnownFileType = folder.assetcatalog; path = Images.xcassets; sourceTree = "<group>"; };
		27AC5709196D062000656EF5 /* Video EditorTests.xctest */ = {isa = PBXFileReference; explicitFileType = wrapper.cfbundle; includeInIndex = 0; path = "Video EditorTests.xctest"; sourceTree = BUILT_PRODUCTS_DIR; };
		27AC570E196D062000656EF5 /* Info.plist */ = {isa = PBXFileReference; lastKnownFileType = text.plist.xml; path = Info.plist; sourceTree = "<group>"; };
		27AC570F196D062000656EF5 /* Video_EditorTests.swift */ = {isa = PBXFileReference; lastKnownFileType = sourcecode.swift; path = Video_EditorTests.swift; sourceTree = "<group>"; };
/* End PBXFileReference section */

/* Begin PBXFrameworksBuildPhase section */
		27AC56F4196D062000656EF5 /* Frameworks */ = {
			isa = PBXFrameworksBuildPhase;
			buildActionMask = 2147483647;
			files = (
			);
			runOnlyForDeploymentPostprocessing = 0;
		};
		27AC5706196D062000656EF5 /* Frameworks */ = {
			isa = PBXFrameworksBuildPhase;
			buildActionMask = 2147483647;
			files = (
			);
			runOnlyForDeploymentPostprocessing = 0;
		};
/* End PBXFrameworksBuildPhase section */

/* Begin PBXGroup section */
		27AC56EE196D062000656EF5 = {
			isa = PBXGroup;
			children = (
				27AC56F9196D062000656EF5 /* Video Editor */,
				27AC570C196D062000656EF5 /* Video EditorTests */,
				27AC56F8196D062000656EF5 /* Products */,
			);
			sourceTree = "<group>";
		};
		27AC56F8196D062000656EF5 /* Products */ = {
			isa = PBXGroup;
			children = (
				27AC56F7196D062000656EF5 /* Video Editor.app */,
				27AC5709196D062000656EF5 /* Video EditorTests.xctest */,
			);
			name = Products;
			sourceTree = "<group>";
		};
		27AC56F9196D062000656EF5 /* Video Editor */ = {
			isa = PBXGroup;
			children = (
				27AC56FC196D062000656EF5 /* AppDelegate.swift */,
				27AC56FE196D062000656EF5 /* ViewController.swift */,
				27AC5700196D062000656EF5 /* Main.storyboard */,
				27AC5703196D062000656EF5 /* Images.xcassets */,
				27AC56FA196D062000656EF5 /* Supporting Files */,
			);
			path = "Video Editor";
			sourceTree = "<group>";
		};
		27AC56FA196D062000656EF5 /* Supporting Files */ = {
			isa = PBXGroup;
			children = (
				27AC56FB196D062000656EF5 /* Info.plist */,
			);
			name = "Supporting Files";
			sourceTree = "<group>";
		};
		27AC570C196D062000656EF5 /* Video EditorTests */ = {
			isa = PBXGroup;
			children = (
				27AC570F196D062000656EF5 /* Video_EditorTests.swift */,
				27AC570D196D062000656EF5 /* Supporting Files */,
			);
			path = "Video EditorTests";
			sourceTree = "<group>";
		};
		27AC570D196D062000656EF5 /* Supporting Files */ = {
			isa = PBXGroup;
			children = (
				27AC570E196D062000656EF5 /* Info.plist */,
			);
			name = "Supporting Files";
			sourceTree = "<group>";
		};
/* End PBXGroup section */

/* Begin PBXNativeTarget section */
		27AC56F6196D062000656EF5 /* Video Editor */ = {
			isa = PBXNativeTarget;
			buildConfigurationList = 27AC5713196D062000656EF5 /* Build configuration list for PBXNativeTarget "Video Editor" */;
			buildPhases = (
				27AC56F3196D062000656EF5 /* Sources */,
				27AC56F4196D062000656EF5 /* Frameworks */,
				27AC56F5196D062000656EF5 /* Resources */,
			);
			buildRules = (
			);
			dependencies = (
			);
			name = "Video Editor";
			productName = "Video Editor";
			productReference = 27AC56F7196D062000656EF5 /* Video Editor.app */;
			productType = "com.apple.product-type.application";
		};
		27AC5708196D062000656EF5 /* Video EditorTests */ = {
			isa = PBXNativeTarget;
			buildConfigurationList = 27AC5716196D062000656EF5 /* Build configuration list for PBXNativeTarget "Video EditorTests" */;
			buildPhases = (
				27AC5705196D062000656EF5 /* Sources */,
				27AC5706196D062000656EF5 /* Frameworks */,
				27AC5707196D062000656EF5 /* Resources */,
			);
			buildRules = (
			);
			dependencies = (
				27AC570B196D062000656EF5 /* PBXTargetDependency */,
			);
			name = "Video EditorTests";
			productName = "Video EditorTests";
			productReference = 27AC5709196D062000656EF5 /* Video EditorTests.xctest */;
			productType = "com.apple.product-type.bundle.unit-test";
		};
/* End PBXNativeTarget section */

/* Begin PBXProject section */
		27AC56EF196D062000656EF5 /* Project object */ = {
			isa = PBXProject;
			attributes = {
				LastUpgradeCheck = 0600;
				ORGANIZATIONNAME = redmorado;
				TargetAttributes = {
					27AC56F6196D062000656EF5 = {
						CreatedOnToolsVersion = 6.0;
					};
					27AC5708196D062000656EF5 = {
						CreatedOnToolsVersion = 6.0;
						TestTargetID = 27AC56F6196D062000656EF5;
					};
				};
			};
			buildConfigurationList = 27AC56F2196D062000656EF5 /* Build configuration list for PBXProject "Video Editor" */;
			compatibilityVersion = "Xcode 3.2";
			developmentRegion = English;
			hasScannedForEncodings = 0;
			knownRegions = (
				en,
				Base,
			);
			mainGroup = 27AC56EE196D062000656EF5;
			productRefGroup = 27AC56F8196D062000656EF5 /* Products */;
			projectDirPath = "";
			projectRoot = "";
			targets = (
				27AC56F6196D062000656EF5 /* Video Editor */,
				27AC5708196D062000656EF5 /* Video EditorTests */,
			);
		};
/* End PBXProject section */

/* Begin PBXResourcesBuildPhase section */
		27AC56F5196D062000656EF5 /* Resources */ = {
			isa = PBXResourcesBuildPhase;
			buildActionMask = 2147483647;
			files = (
				27AC5702196D062000656EF5 /* Main.storyboard in Resources */,
				27AC5704196D062000656EF5 /* Images.xcassets in Resources */,
			);
			runOnlyForDeploymentPostprocessing = 0;
		};
		27AC5707196D062000656EF5 /* Resources */ = {
			isa = PBXResourcesBuildPhase;
			buildActionMask = 2147483647;
			files = (
			);
			runOnlyForDeploymentPostprocessing = 0;
		};
/* End PBXResourcesBuildPhase section */

/* Begin PBXSourcesBuildPhase section */
		27AC56F3196D062000656EF5 /* Sources */ = {
			isa = PBXSourcesBuildPhase;
			buildActionMask = 2147483647;
			files = (
				27AC56FF196D062000656EF5 /* ViewController.swift in Sources */,
				27AC56FD196D062000656EF5 /* AppDelegate.swift in Sources */,
			);
			runOnlyForDeploymentPostprocessing = 0;
		};
		27AC5705196D062000656EF5 /* Sources */ = {
			isa = PBXSourcesBuildPhase;
			buildActionMask = 2147483647;
			files = (
				27AC5710196D062000656EF5 /* Video_EditorTests.swift in Sources */,
			);
			runOnlyForDeploymentPostprocessing = 0;
		};
/* End PBXSourcesBuildPhase section */

/* Begin PBXTargetDependency section */
		27AC570B196D062000656EF5 /* PBXTargetDependency */ = {
			isa = PBXTargetDependency;
			target = 27AC56F6196D062000656EF5 /* Video Editor */;
			targetProxy = 27AC570A196D062000656EF5 /* PBXContainerItemProxy */;
		};
/* End PBXTargetDependency section */

/* Begin PBXVariantGroup section */
		27AC5700196D062000656EF5 /* Main.storyboard */ = {
			isa = PBXVariantGroup;
			children = (
				27AC5701196D062000656EF5 /* Base */,
			);
			name = Main.storyboard;
			sourceTree = "<group>";
		};
/* End PBXVariantGroup section */

/* Begin XCBuildConfiguration section */
		27AC5711196D062000656EF5 /* Debug */ = {
			isa = XCBuildConfiguration;
			buildSettings = {
				ALWAYS_SEARCH_USER_PATHS = NO;
				CLANG_CXX_LANGUAGE_STANDARD = "gnu++0x";
				CLANG_CXX_LIBRARY = "libc++";
				CLANG_ENABLE_MODULES = YES;
				CLANG_ENABLE_OBJC_ARC = YES;
				CLANG_WARN_BOOL_CONVERSION = YES;
				CLANG_WARN_CONSTANT_CONVERSION = YES;
				CLANG_WARN_DIRECT_OBJC_ISA_USAGE = YES_ERROR;
				CLANG_WARN_EMPTY_BODY = YES;
				CLANG_WARN_ENUM_CONVERSION = YES;
				CLANG_WARN_INT_CONVERSION = YES;
				CLANG_WARN_OBJC_ROOT_CLASS = YES_ERROR;
				CLANG_WARN_UNREACHABLE_CODE = YES;
				CLANG_WARN__DUPLICATE_METHOD_MATCH = YES;
				"CODE_SIGN_IDENTITY[sdk=iphoneos*]" = "iPhone Developer";
				COPY_PHASE_STRIP = NO;
				ENABLE_STRICT_OBJC_MSGSEND = YES;
				GCC_C_LANGUAGE_STANDARD = gnu99;
				GCC_DYNAMIC_NO_PIC = NO;
				GCC_OPTIMIZATION_LEVEL = 0;
				GCC_PREPROCESSOR_DEFINITIONS = (
					"DEBUG=1",
					"$(inherited)",
				);
				GCC_SYMBOLS_PRIVATE_EXTERN = NO;
				GCC_WARN_64_TO_32_BIT_CONVERSION = YES;
				GCC_WARN_ABOUT_RETURN_TYPE = YES_ERROR;
				GCC_WARN_UNDECLARED_SELECTOR = YES;
				GCC_WARN_UNINITIALIZED_AUTOS = YES_AGGRESSIVE;
				GCC_WARN_UNUSED_FUNCTION = YES;
				GCC_WARN_UNUSED_VARIABLE = YES;
				IPHONEOS_DEPLOYMENT_TARGET = 8.0;
				METAL_ENABLE_DEBUG_INFO = YES;
				ONLY_ACTIVE_ARCH = YES;
				SDKROOT = iphoneos;
				SWIFT_OPTIMIZATION_LEVEL = "-Onone";
			};
			name = Debug;
		};
		27AC5712196D062000656EF5 /* Release */ = {
			isa = XCBuildConfiguration;
			buildSettings = {
				ALWAYS_SEARCH_USER_PATHS = NO;
				CLANG_CXX_LANGUAGE_STANDARD = "gnu++0x";
				CLANG_CXX_LIBRARY = "libc++";
				CLANG_ENABLE_MODULES = YES;
				CLANG_ENABLE_OBJC_ARC = YES;
				CLANG_WARN_BOOL_CONVERSION = YES;
				CLANG_WARN_CONSTANT_CONVERSION = YES;
				CLANG_WARN_DIRECT_OBJC_ISA_USAGE = YES_ERROR;
				CLANG_WARN_EMPTY_BODY = YES;
				CLANG_WARN_ENUM_CONVERSION = YES;
				CLANG_WARN_INT_CONVERSION = YES;
				CLANG_WARN_OBJC_ROOT_CLASS = YES_ERROR;
				CLANG_WARN_UNREACHABLE_CODE = YES;
				CLANG_WARN__DUPLICATE_METHOD_MATCH = YES;
				"CODE_SIGN_IDENTITY[sdk=iphoneos*]" = "iPhone Developer";
				COPY_PHASE_STRIP = YES;
				ENABLE_NS_ASSERTIONS = NO;
				ENABLE_STRICT_OBJC_MSGSEND = YES;
				GCC_C_LANGUAGE_STANDARD = gnu99;
				GCC_WARN_64_TO_32_BIT_CONVERSION = YES;
				GCC_WARN_ABOUT_RETURN_TYPE = YES_ERROR;
				GCC_WARN_UNDECLARED_SELECTOR = YES;
				GCC_WARN_UNINITIALIZED_AUTOS = YES_AGGRESSIVE;
				GCC_WARN_UNUSED_FUNCTION = YES;
				GCC_WARN_UNUSED_VARIABLE = YES;
				IPHONEOS_DEPLOYMENT_TARGET = 8.0;
				METAL_ENABLE_DEBUG_INFO = NO;
				SDKROOT = iphoneos;
				VALIDATE_PRODUCT = YES;
			};
			name = Release;
		};
		27AC5714196D062000656EF5 /* Debug */ = {
			isa = XCBuildConfiguration;
			buildSettings = {
				ASSETCATALOG_COMPILER_APPICON_NAME = AppIcon;
				ASSETCATALOG_COMPILER_LAUNCHIMAGE_NAME = LaunchImage;
				INFOPLIST_FILE = "Video Editor/Info.plist";
				LD_RUNPATH_SEARCH_PATHS = "$(inherited) @executable_path/Frameworks";
				PRODUCT_NAME = "$(TARGET_NAME)";
			};
			name = Debug;
		};
		27AC5715196D062000656EF5 /* Release */ = {
			isa = XCBuildConfiguration;
			buildSettings = {
				ASSETCATALOG_COMPILER_APPICON_NAME = AppIcon;
				ASSETCATALOG_COMPILER_LAUNCHIMAGE_NAME = LaunchImage;
				INFOPLIST_FILE = "Video Editor/Info.plist";
				LD_RUNPATH_SEARCH_PATHS = "$(inherited) @executable_path/Frameworks";
				PRODUCT_NAME = "$(TARGET_NAME)";
			};
			name = Release;
		};
		27AC5717196D062000656EF5 /* Debug */ = {
			isa = XCBuildConfiguration;
			buildSettings = {
				BUNDLE_LOADER = "$(BUILT_PRODUCTS_DIR)/Video Editor.app/Video Editor";
				FRAMEWORK_SEARCH_PATHS = (
					"$(SDKROOT)/Developer/Library/Frameworks",
					"$(inherited)",
				);
				GCC_PREPROCESSOR_DEFINITIONS = (
					"DEBUG=1",
					"$(inherited)",
				);
				INFOPLIST_FILE = "Video EditorTests/Info.plist";
				LD_RUNPATH_SEARCH_PATHS = "$(inherited) @executable_path/Frameworks @loader_path/Frameworks";
				METAL_ENABLE_DEBUG_INFO = YES;
				PRODUCT_NAME = "$(TARGET_NAME)";
				TEST_HOST = "$(BUNDLE_LOADER)";
			};
			name = Debug;
		};
		27AC5718196D062000656EF5 /* Release */ = {
			isa = XCBuildConfiguration;
			buildSettings = {
				BUNDLE_LOADER = "$(BUILT_PRODUCTS_DIR)/Video Editor.app/Video Editor";
				FRAMEWORK_SEARCH_PATHS = (
					"$(SDKROOT)/Developer/Library/Frameworks",
					"$(inherited)",
				);
				INFOPLIST_FILE = "Video EditorTests/Info.plist";
				LD_RUNPATH_SEARCH_PATHS = "$(inherited) @executable_path/Frameworks @loader_path/Frameworks";
				METAL_ENABLE_DEBUG_INFO = NO;
				PRODUCT_NAME = "$(TARGET_NAME)";
				TEST_HOST = "$(BUNDLE_LOADER)";
			};
			name = Release;
		};
/* End XCBuildConfiguration section */

/* Begin XCConfigurationList section */
		27AC56F2196D062000656EF5 /* Build configuration list for PBXProject "Video Editor" */ = {
			isa = XCConfigurationList;
			buildConfigurations = (
				27AC5711196D062000656EF5 /* Debug */,
				27AC5712196D062000656EF5 /* Release */,
			);
			defaultConfigurationIsVisible = 0;
			defaultConfigurationName = Release;
		};
		27AC5713196D062000656EF5 /* Build configuration list for PBXNativeTarget "Video Editor" */ = {
			isa = XCConfigurationList;
			buildConfigurations = (
				27AC5714196D062000656EF5 /* Debug */,
				27AC5715196D062000656EF5 /* Release */,
			);
			defaultConfigurationIsVisible = 0;
		};
		27AC5716196D062000656EF5 /* Build configuration list for PBXNativeTarget "Video EditorTests" */ = {
			isa = XCConfigurationList;
			buildConfigurations = (
				27AC5717196D062000656EF5 /* Debug */,
				27AC5718196D062000656EF5 /* Release */,
			);
			defaultConfigurationIsVisible = 0;
		};
/* End XCConfigurationList section */
	};
	rootObject = 27AC56EF196D062000656EF5 /* Project object */;
}
